
Microsoft Visual Studio Solution File, Format Version 12.00
# Visual Studio 14
VisualStudioVersion = 14.0.25420.1
MinimumVisualStudioVersion = 10.0.40219.1
Project("{FAE04EC0-301F-11D3-BF4B-00C04F79EFBC}") = "QuanLyBanHang", "QuanLyBanHang\QuanLyBanHang.csproj", "{1A614602-1BEB-4164-9B1F-E5855DB2DEBC}"
EndProject
Project("{FAE04EC0-301F-11D3-BF4B-00C04F79EFBC}") = "Model", "Model\Model.csproj", "{584E8863-CC7D-41C4-9B66-4047572FEFF2}"
EndProject
Project("{FAE04EC0-301F-11D3-BF4B-00C04F79EFBC}") = "Common", "Common\Common.csproj", "{FA996289-65B6-405D-A7FE-649382557531}"
EndProject
Global
	GlobalSection(SolutionConfigurationPlatforms) = preSolution
		Debug|Any CPU = Debug|Any CPU
		Release|Any CPU = Release|Any CPU
	EndGlobalSection
	GlobalSection(ProjectConfigurationPlatforms) = postSolution
		{1A614602-1BEB-4164-9B1F-E5855DB2DEBC}.Debug|Any CPU.ActiveCfg = Debug|Any CPU
		{1A614602-1BEB-4164-9B1F-E5855DB2DEBC}.Debug|Any CPU.Build.0 = Debug|Any CPU
		{1A614602-1BEB-4164-9B1F-E5855DB2DEBC}.Release|Any CPU.ActiveCfg = Release|Any CPU
		{1A614602-1BEB-4164-9B1F-E5855DB2DEBC}.Release|Any CPU.Build.0 = Release|Any CPU
		{584E8863-CC7D-41C4-9B66-4047572FEFF2}.Debug|Any CPU.ActiveCfg = Debug|Any CPU
		{584E8863-CC7D-41C4-9B66-4047572FEFF2}.Debug|Any CPU.Build.0 = Debug|Any CPU
		{584E8863-CC7D-41C4-9B66-4047572FEFF2}.Release|Any CPU.ActiveCfg = Release|Any CPU
		{584E8863-CC7D-41C4-9B66-4047572FEFF2}.Release|Any CPU.Build.0 = Release|Any CPU
		{FA996289-65B6-405D-A7FE-649382557531}.Debug|Any CPU.ActiveCfg = Debug|Any CPU
		{FA996289-65B6-405D-A7FE-649382557531}.Debug|Any CPU.Build.0 = Debug|Any CPU
		{FA996289-65B6-405D-A7FE-649382557531}.Release|Any CPU.ActiveCfg = Release|Any CPU
		{FA996289-65B6-405D-A7FE-649382557531}.Release|Any CPU.Build.0 = Release|Any CPU
	EndGlobalSection
	GlobalSection(SolutionProperties) = preSolution
		HideSolutionNode = FALSE
	EndGlobalSection
EndGlobal
